// !$*UTF8*$!
{
	archiveVersion = 1;
	classes = {
	};
	objectVersion = 46;
	objects = {

/* Begin PBXBuildFile section */
		5295C85B1E4005E200ED05CB /* AppDelegate.swift in Sources */ = {isa = PBXBuildFile; fileRef = 5295C85A1E4005E200ED05CB /* AppDelegate.swift */; };
		5295C85D1E4005E200ED05CB /* ViewController.swift in Sources */ = {isa = PBXBuildFile; fileRef = 5295C85C1E4005E200ED05CB /* ViewController.swift */; };
		5295C8601E4005E200ED05CB /* Main.storyboard in Resources */ = {isa = PBXBuildFile; fileRef = 5295C85E1E4005E200ED05CB /* Main.storyboard */; };
		5295C8621E4005E200ED05CB /* Assets.xcassets in Resources */ = {isa = PBXBuildFile; fileRef = 5295C8611E4005E200ED05CB /* Assets.xcassets */; };
		5295C8651E4005E200ED05CB /* LaunchScreen.storyboard in Resources */ = {isa = PBXBuildFile; fileRef = 5295C8631E4005E200ED05CB /* LaunchScreen.storyboard */; };
/* End PBXBuildFile section */

/* Begin PBXFileReference section */
		5295C8571E4005E200ED05CB /* Captains Choice.app */ = {isa = PBXFileReference; explicitFileType = wrapper.application; includeInIndex = 0; path = "Captains Choice.app"; sourceTree = BUILT_PRODUCTS_DIR; };
		5295C85A1E4005E200ED05CB /* AppDelegate.swift */ = {isa = PBXFileReference; lastKnownFileType = sourcecode.swift; path = AppDelegate.swift; sourceTree = "<group>"; };
		5295C85C1E4005E200ED05CB /* ViewController.swift */ = {isa = PBXFileReference; lastKnownFileType = sourcecode.swift; path = ViewController.swift; sourceTree = "<group>"; };
		5295C85F1E4005E200ED05CB /* Base */ = {isa = PBXFileReference; lastKnownFileType = file.storyboard; name = Base; path = Base.lproj/Main.storyboard; sourceTree = "<group>"; };
		5295C8611E4005E200ED05CB /* Assets.xcassets */ = {isa = PBXFileReference; lastKnownFileType = folder.assetcatalog; path = Assets.xcassets; sourceTree = "<group>"; };
		5295C8641E4005E200ED05CB /* Base */ = {isa = PBXFileReference; lastKnownFileType = file.storyboard; name = Base; path = Base.lproj/LaunchScreen.storyboard; sourceTree = "<group>"; };
		5295C8661E4005E200ED05CB /* Info.plist */ = {isa = PBXFileReference; lastKnownFileType = text.plist.xml; path = Info.plist; sourceTree = "<group>"; };
/* End PBXFileReference section */

/* Begin PBXFrameworksBuildPhase section */
		5295C8541E4005E200ED05CB /* Frameworks */ = {
			isa = PBXFrameworksBuildPhase;
			buildActionMask = 2147483647;
			files = (
			);
			runOnlyForDeploymentPostprocessing = 0;
		};
/* End PBXFrameworksBuildPhase section */

/* Begin PBXGroup section */
		5295C84E1E4005E200ED05CB = {
			isa = PBXGroup;
			children = (
				5295C8591E4005E200ED05CB /* Captains Choice */,
				5295C8581E4005E200ED05CB /* Products */,
			);
			sourceTree = "<group>";
		};
		5295C8581E4005E200ED05CB /* Products */ = {
			isa = PBXGroup;
			children = (
				5295C8571E4005E200ED05CB /* Captains Choice.app */,
			);
			name = Products;
			sourceTree = "<group>";
		};
		5295C8591E4005E200ED05CB /* Captains Choice */ = {
			isa = PBXGroup;
			children = (
				5295C85A1E4005E200ED05CB /* AppDelegate.swift */,
				5295C85C1E4005E200ED05CB /* ViewController.swift */,
				5295C85E1E4005E200ED05CB /* Main.storyboard */,
				5295C8611E4005E200ED05CB /* Assets.xcassets */,
				5295C8631E4005E200ED05CB /* LaunchScreen.storyboard */,
				5295C8661E4005E200ED05CB /* Info.plist */,
			);
			path = "Captains Choice";
			sourceTree = "<group>";
		};
/* End PBXGroup section */

/* Begin PBXNativeTarget section */
		5295C8561E4005E200ED05CB /* Captains Choice */ = {
			isa = PBXNativeTarget;
			buildConfigurationList = 5295C8691E4005E200ED05CB /* Build configuration list for PBXNativeTarget "Captains Choice" */;
			buildPhases = (
				5295C8531E4005E200ED05CB /* Sources */,
				5295C8541E4005E200ED05CB /* Frameworks */,
				5295C8551E4005E200ED05CB /* Resources */,
			);
			buildRules = (
			);
			dependencies = (
			);
			name = "Captains Choice";
			productName = "Captains Choice";
			productReference = 5295C8571E4005E200ED05CB /* Captains Choice.app */;
			productType = "com.apple.product-type.application";
		};
/* End PBXNativeTarget section */

/* Begin PBXProject section */
		5295C84F1E4005E200ED05CB /* Project object */ = {
			isa = PBXProject;
			attributes = {
				LastSwiftUpdateCheck = 0820;
				LastUpgradeCheck = 0820;
				ORGANIZATIONNAME = "John Malatras";
				TargetAttributes = {
					5295C8561E4005E200ED05CB = {
						CreatedOnToolsVersion = 8.2.1;
						ProvisioningStyle = Automatic;
					};
				};
			};
			buildConfigurationList = 5295C8521E4005E200ED05CB /* Build configuration list for PBXProject "Captains Choice" */;
			compatibilityVersion = "Xcode 3.2";
			developmentRegion = English;
			hasScannedForEncodings = 0;
			knownRegions = (
				en,
				Base,
			);
			mainGroup = 5295C84E1E4005E200ED05CB;
			productRefGroup = 5295C8581E4005E200ED05CB /* Products */;
			projectDirPath = "";
			projectRoot = "";
			targets = (
				5295C8561E4005E200ED05CB /* Captains Choice */,
			);
		};
/* End PBXProject section */

/* Begin PBXResourcesBuildPhase section */
		5295C8551E4005E200ED05CB /* Resources */ = {
			isa = PBXResourcesBuildPhase;
			buildActionMask = 2147483647;
			files = (
				5295C8651E4005E200ED05CB /* LaunchScreen.storyboard in Resources */,
				5295C8621E4005E200ED05CB /* Assets.xcassets in Resources */,
				5295C8601E4005E200ED05CB /* Main.storyboard in Resources */,
			);
			runOnlyForDeploymentPostprocessing = 0;
		};
/* End PBXResourcesBuildPhase section */

/* Begin PBXSourcesBuildPhase section */
		5295C8531E4005E200ED05CB /* Sources */ = {
			isa = PBXSourcesBuildPhase;
			buildActionMask = 2147483647;
			files = (
				5295C85D1E4005E200ED05CB /* ViewController.swift in Sources */,
				5295C85B1E4005E200ED05CB /* AppDelegate.swift in Sources */,
			);
			runOnlyForDeploymentPostprocessing = 0;
		};
/* End PBXSourcesBuildPhase section */

/* Begin PBXVariantGroup section */
		5295C85E1E4005E200ED05CB /* Main.storyboard */ = {
			isa = PBXVariantGroup;
			children = (
				5295C85F1E4005E200ED05CB /* Base */,
			);
			name = Main.storyboard;
			sourceTree = "<group>";
		};
		5295C8631E4005E200ED05CB /* LaunchScreen.storyboard */ = {
			isa = PBXVariantGroup;
			children = (
				5295C8641E4005E200ED05CB /* Base */,
			);
			name = LaunchScreen.storyboard;
			sourceTree = "<group>";
		};
/* End PBXVariantGroup section */

/* Begin XCBuildConfiguration section */
		5295C8671E4005E200ED05CB /* Debug */ = {
			isa = XCBuildConfiguration;
			buildSettings = {
				ALWAYS_SEARCH_USER_PATHS = NO;
				CLANG_ANALYZER_NONNULL = YES;
				CLANG_CXX_LANGUAGE_STANDARD = "gnu++0x";
				CLANG_CXX_LIBRARY = "libc++";
				CLANG_ENABLE_MODULES = YES;
				CLANG_ENABLE_OBJC_ARC = YES;
				CLANG_WARN_BOOL_CONVERSION = YES;
				CLANG_WARN_CONSTANT_CONVERSION = YES;
				CLANG_WARN_DIRECT_OBJC_ISA_USAGE = YES_ERROR;
				CLANG_WARN_DOCUMENTATION_COMMENTS = YES;
				CLANG_WARN_EMPTY_BODY = YES;
				CLANG_WARN_ENUM_CONVERSION = YES;
				CLANG_WARN_INFINITE_RECURSION = YES;
				CLANG_WARN_INT_CONVERSION = YES;
				CLANG_WARN_OBJC_ROOT_CLASS = YES_ERROR;
				CLANG_WARN_SUSPICIOUS_MOVE = YES;
				CLANG_WARN_UNREACHABLE_CODE = YES;
				CLANG_WARN__DUPLICATE_METHOD_MATCH = YES;
				"CODE_SIGN_IDENTITY[sdk=iphoneos*]" = "iPhone Developer";
				COPY_PHASE_STRIP = NO;
				DEBUG_INFORMATION_FORMAT = dwarf;
				ENABLE_STRICT_OBJC_MSGSEND = YES;
				ENABLE_TESTABILITY = YES;
				GCC_C_LANGUAGE_STANDARD = gnu99;
				GCC_DYNAMIC_NO_PIC = NO;
				GCC_NO_COMMON_BLOCKS = YES;
				GCC_OPTIMIZATION_LEVEL = 0;
				GCC_PREPROCESSOR_DEFINITIONS = (
					"DEBUG=1",
					"$(inherited)",
				);
				GCC_WARN_64_TO_32_BIT_CONVERSION = YES;
				GCC_WARN_ABOUT_RETURN_TYPE = YES_ERROR;
				GCC_WARN_UNDECLARED_SELECTOR = YES;
				GCC_WARN_UNINITIALIZED_AUTOS = YES_AGGRESSIVE;
				GCC_WARN_UNUSED_FUNCTION = YES;
				GCC_WARN_UNUSED_VARIABLE = YES;
				IPHONEOS_DEPLOYMENT_TARGET = 10.2;
				MTL_ENABLE_DEBUG_INFO = YES;
				ONLY_ACTIVE_ARCH = YES;
				SDKROOT = iphoneos;
				SWIFT_ACTIVE_COMPILATION_CONDITIONS = DEBUG;
				SWIFT_OPTIMIZATION_LEVEL = "-Onone";
			};
			name = Debug;
		};
		5295C8681E4005E200ED05CB /* Release */ = {
			isa = XCBuildConfiguration;
			buildSettings = {
				ALWAYS_SEARCH_USER_PATHS = NO;
				CLANG_ANALYZER_NONNULL = YES;
				CLANG_CXX_LANGUAGE_STANDARD = "gnu++0x";
				CLANG_CXX_LIBRARY = "libc++";
				CLANG_ENABLE_MODULES = YES;
				CLANG_ENABLE_OBJC_ARC = YES;
				CLANG_WARN_BOOL_CONVERSION = YES;
				CLANG_WARN_CONSTANT_CONVERSION = YES;
				CLANG_WARN_DIRECT_OBJC_ISA_USAGE = YES_ERROR;
				CLANG_WARN_DOCUMENTATION_COMMENTS = YES;
				CLANG_WARN_EMPTY_BODY = YES;
				CLANG_WARN_ENUM_CONVERSION = YES;
				CLANG_WARN_INFINITE_RECURSION = YES;
				CLANG_WARN_INT_CONVERSION = YES;
				CLANG_WARN_OBJC_ROOT_CLASS = YES_ERROR;
				CLANG_WARN_SUSPICIOUS_MOVE = YES;
				CLANG_WARN_UNREACHABLE_CODE = YES;
				CLANG_WARN__DUPLICATE_METHOD_MATCH = YES;
				"CODE_SIGN_IDENTITY[sdk=iphoneos*]" = "iPhone Developer";
				COPY_PHASE_STRIP = NO;
				DEBUG_INFORMATION_FORMAT = "dwarf-with-dsym";
				ENABLE_NS_ASSERTIONS = NO;
				ENABLE_STRICT_OBJC_MSGSEND = YES;
				GCC_C_LANGUAGE_STANDARD = gnu99;
				GCC_NO_COMMON_BLOCKS = YES;
				GCC_WARN_64_TO_32_BIT_CONVERSION = YES;
				GCC_WARN_ABOUT_RETURN_TYPE = YES_ERROR;
				GCC_WARN_UNDECLARED_SELECTOR = YES;
				GCC_WARN_UNINITIALIZED_AUTOS = YES_AGGRESSIVE;
				GCC_WARN_UNUSED_FUNCTION = YES;
				GCC_WARN_UNUSED_VARIABLE = YES;
				IPHONEOS_DEPLOYMENT_TARGET = 10.2;
				MTL_ENABLE_DEBUG_INFO = NO;
				SDKROOT = iphoneos;
				SWIFT_OPTIMIZATION_LEVEL = "-Owholemodule";
				VALIDATE_PRODUCT = YES;
			};
			name = Release;
		};
		5295C86A1E4005E200ED05CB /* Debug */ = {
			isa = XCBuildConfiguration;
			buildSettings = {
				ASSETCATALOG_COMPILER_APPICON_NAME = AppIcon;
				INFOPLIST_FILE = "Captains Choice/Info.plist";
				LD_RUNPATH_SEARCH_PATHS = "$(inherited) @executable_path/Frameworks";
				PRODUCT_BUNDLE_IDENTIFIER = "com.malatras.Captains-Choice";
				PRODUCT_NAME = "$(TARGET_NAME)";
				SWIFT_VERSION = 3.0;
			};
			name = Debug;
		};
		5295C86B1E4005E200ED05CB /* Release */ = {
			isa = XCBuildConfiguration;
			buildSettings = {
				ASSETCATALOG_COMPILER_APPICON_NAME = AppIcon;
				INFOPLIST_FILE = "Captains Choice/Info.plist";
				LD_RUNPATH_SEARCH_PATHS = "$(inherited) @executable_path/Frameworks";
				PRODUCT_BUNDLE_IDENTIFIER = "com.malatras.Captains-Choice";
				PRODUCT_NAME = "$(TARGET_NAME)";
				SWIFT_VERSION = 3.0;
			};
			name = Release;
		};
/* End XCBuildConfiguration section */

/* Begin XCConfigurationList section */
		5295C8521E4005E200ED05CB /* Build configuration list for PBXProject "Captains Choice" */ = {
			isa = XCConfigurationList;
			buildConfigurations = (
				5295C8671E4005E200ED05CB /* Debug */,
				5295C8681E4005E200ED05CB /* Release */,
			);
			defaultConfigurationIsVisible = 0;
			defaultConfigurationName = Release;
		};
		5295C8691E4005E200ED05CB /* Build configuration list for PBXNativeTarget "Captains Choice" */ = {
			isa = XCConfigurationList;
			buildConfigurations = (
				5295C86A1E4005E200ED05CB /* Debug */,
				5295C86B1E4005E200ED05CB /* Release */,
			);
			defaultConfigurationIsVisible = 0;
		};
/* End XCConfigurationList section */
	};
	rootObject = 5295C84F1E4005E200ED05CB /* Project object */;
}
