// !$*UTF8*$!
{
	archiveVersion = 1;
	classes = {
	};
	objectVersion = 46;
	objects = {

/* Begin PBXBuildFile section */
		35CBAFBE2F97FDAC238AC5AB /* libPods-Captains Choice.a in Frameworks */ = {isa = PBXBuildFile; fileRef = 1332835125C8AE9204690865 /* libPods-Captains Choice.a */; };
		52170E9520B07E7700059C9C /* PersonTableViewCell.swift in Sources */ = {isa = PBXBuildFile; fileRef = 52170E9420B07E7700059C9C /* PersonTableViewCell.swift */; };
		52170E9720B08D7500059C9C /* TeamsHelper.swift in Sources */ = {isa = PBXBuildFile; fileRef = 52170E9620B08D7500059C9C /* TeamsHelper.swift */; };
		52170E9920B08EDC00059C9C /* CustomSort.swift in Sources */ = {isa = PBXBuildFile; fileRef = 52170E9820B08EDC00059C9C /* CustomSort.swift */; };
		525AD08E1E91DC0200CCD51B /* GoogleService-Info.plist in Resources */ = {isa = PBXBuildFile; fileRef = 525AD08D1E91DC0200CCD51B /* GoogleService-Info.plist */; };
		525B66111E9D752100291BF3 /* Contents.json in Resources */ = {isa = PBXBuildFile; fileRef = 525B65FA1E9D752100291BF3 /* Contents.json */; };
		525B66121E9D752100291BF3 /* Icon-App-20x20@1x.png in Resources */ = {isa = PBXBuildFile; fileRef = 525B65FB1E9D752100291BF3 /* Icon-App-20x20@1x.png */; };
		525B66131E9D752100291BF3 /* Icon-App-20x20@2x.png in Resources */ = {isa = PBXBuildFile; fileRef = 525B65FC1E9D752100291BF3 /* Icon-App-20x20@2x.png */; };
		525B66141E9D752100291BF3 /* Icon-App-20x20@3x.png in Resources */ = {isa = PBXBuildFile; fileRef = 525B65FD1E9D752100291BF3 /* Icon-App-20x20@3x.png */; };
		525B66151E9D752100291BF3 /* Icon-App-29x29@1x.png in Resources */ = {isa = PBXBuildFile; fileRef = 525B65FE1E9D752100291BF3 /* Icon-App-29x29@1x.png */; };
		525B66161E9D752100291BF3 /* Icon-App-29x29@2x.png in Resources */ = {isa = PBXBuildFile; fileRef = 525B65FF1E9D752100291BF3 /* Icon-App-29x29@2x.png */; };
		525B66171E9D752100291BF3 /* Icon-App-29x29@3x.png in Resources */ = {isa = PBXBuildFile; fileRef = 525B66001E9D752100291BF3 /* Icon-App-29x29@3x.png */; };
		525B66181E9D752100291BF3 /* Icon-App-40x40@1x.png in Resources */ = {isa = PBXBuildFile; fileRef = 525B66011E9D752100291BF3 /* Icon-App-40x40@1x.png */; };
		525B66191E9D752100291BF3 /* Icon-App-40x40@2x.png in Resources */ = {isa = PBXBuildFile; fileRef = 525B66021E9D752100291BF3 /* Icon-App-40x40@2x.png */; };
		525B661A1E9D752100291BF3 /* Icon-App-40x40@3x.png in Resources */ = {isa = PBXBuildFile; fileRef = 525B66031E9D752100291BF3 /* Icon-App-40x40@3x.png */; };
		525B661B1E9D752100291BF3 /* Icon-App-57x57@1x.png in Resources */ = {isa = PBXBuildFile; fileRef = 525B66041E9D752100291BF3 /* Icon-App-57x57@1x.png */; };
		525B661C1E9D752100291BF3 /* Icon-App-57x57@2x.png in Resources */ = {isa = PBXBuildFile; fileRef = 525B66051E9D752100291BF3 /* Icon-App-57x57@2x.png */; };
		525B661D1E9D752100291BF3 /* Icon-App-60x60@1x.png in Resources */ = {isa = PBXBuildFile; fileRef = 525B66061E9D752100291BF3 /* Icon-App-60x60@1x.png */; };
		525B661E1E9D752100291BF3 /* Icon-App-60x60@2x.png in Resources */ = {isa = PBXBuildFile; fileRef = 525B66071E9D752100291BF3 /* Icon-App-60x60@2x.png */; };
		525B661F1E9D752100291BF3 /* Icon-App-60x60@3x.png in Resources */ = {isa = PBXBuildFile; fileRef = 525B66081E9D752100291BF3 /* Icon-App-60x60@3x.png */; };
		525B66201E9D752100291BF3 /* Icon-App-72x72@1x.png in Resources */ = {isa = PBXBuildFile; fileRef = 525B66091E9D752100291BF3 /* Icon-App-72x72@1x.png */; };
		525B66211E9D752100291BF3 /* Icon-App-72x72@2x.png in Resources */ = {isa = PBXBuildFile; fileRef = 525B660A1E9D752100291BF3 /* Icon-App-72x72@2x.png */; };
		525B66221E9D752100291BF3 /* Icon-App-76x76@1x.png in Resources */ = {isa = PBXBuildFile; fileRef = 525B660B1E9D752100291BF3 /* Icon-App-76x76@1x.png */; };
		525B66231E9D752100291BF3 /* Icon-App-76x76@2x.png in Resources */ = {isa = PBXBuildFile; fileRef = 525B660C1E9D752100291BF3 /* Icon-App-76x76@2x.png */; };
		525B66241E9D752100291BF3 /* Icon-App-76x76@3x.png in Resources */ = {isa = PBXBuildFile; fileRef = 525B660D1E9D752100291BF3 /* Icon-App-76x76@3x.png */; };
		525B66251E9D752100291BF3 /* Icon-App-83.5x83.5@2x.png in Resources */ = {isa = PBXBuildFile; fileRef = 525B660E1E9D752100291BF3 /* Icon-App-83.5x83.5@2x.png */; };
		525B66261E9D752100291BF3 /* Icon-Small-50x50@1x.png in Resources */ = {isa = PBXBuildFile; fileRef = 525B660F1E9D752100291BF3 /* Icon-Small-50x50@1x.png */; };
		525B66271E9D752100291BF3 /* Icon-Small-50x50@2x.png in Resources */ = {isa = PBXBuildFile; fileRef = 525B66101E9D752100291BF3 /* Icon-Small-50x50@2x.png */; };
		525E12DE20CB5C8900F217D1 /* HeaderCell.swift in Sources */ = {isa = PBXBuildFile; fileRef = 525E12DD20CB5C8900F217D1 /* HeaderCell.swift */; };
		525E12E020CB82CD00F217D1 /* PremiumTeamsViewController.swift in Sources */ = {isa = PBXBuildFile; fileRef = 525E12DF20CB82CD00F217D1 /* PremiumTeamsViewController.swift */; };
		5280F2281E4183D600F8FBB3 /* TeamsViewController.swift in Sources */ = {isa = PBXBuildFile; fileRef = 5280F2271E4183D600F8FBB3 /* TeamsViewController.swift */; };
		5295C85B1E4005E200ED05CB /* AppDelegate.swift in Sources */ = {isa = PBXBuildFile; fileRef = 5295C85A1E4005E200ED05CB /* AppDelegate.swift */; };
		5295C8601E4005E200ED05CB /* Main.storyboard in Resources */ = {isa = PBXBuildFile; fileRef = 5295C85E1E4005E200ED05CB /* Main.storyboard */; };
		5295C8621E4005E200ED05CB /* Assets.xcassets in Resources */ = {isa = PBXBuildFile; fileRef = 5295C8611E4005E200ED05CB /* Assets.xcassets */; };
		5295C8651E4005E200ED05CB /* LaunchScreen.storyboard in Resources */ = {isa = PBXBuildFile; fileRef = 5295C8631E4005E200ED05CB /* LaunchScreen.storyboard */; };
		5295C8701E401C5D00ED05CB /* HandicapViewController.swift in Sources */ = {isa = PBXBuildFile; fileRef = 5295C86F1E401C5D00ED05CB /* HandicapViewController.swift */; };
		52A7ADC521A0ADFD00F33532 /* Player.swift in Sources */ = {isa = PBXBuildFile; fileRef = 52A7ADC421A0ADFD00F33532 /* Player.swift */; };
		52BB20EA20C862C700A33C5D /* StoreKit.framework in Frameworks */ = {isa = PBXBuildFile; fileRef = 52BB20E920C862C700A33C5D /* StoreKit.framework */; };
		52BB20EC20C862D600A33C5D /* IAPHelper.swift in Sources */ = {isa = PBXBuildFile; fileRef = 52BB20EB20C862D600A33C5D /* IAPHelper.swift */; };
		52BB20EE20C8731800A33C5D /* PremiumProduct.swift in Sources */ = {isa = PBXBuildFile; fileRef = 52BB20ED20C8731800A33C5D /* PremiumProduct.swift */; };
		52BB20F020C8764300A33C5D /* PremiumHandicapViewController.swift in Sources */ = {isa = PBXBuildFile; fileRef = 52BB20EF20C8764300A33C5D /* PremiumHandicapViewController.swift */; };
		52D52F6C20C8B4F000130E80 /* Captains Choice.xcdatamodeld in Sources */ = {isa = PBXBuildFile; fileRef = 52D52F6A20C8B4F000130E80 /* Captains Choice.xcdatamodeld */; };
		52D52F6F20CB149500130E80 /* PlayerBookViewController.swift in Sources */ = {isa = PBXBuildFile; fileRef = 52D52F6E20CB149500130E80 /* PlayerBookViewController.swift */; };
		52D52F7120CB1B6200130E80 /* PlayerBookCell.swift in Sources */ = {isa = PBXBuildFile; fileRef = 52D52F7020CB1B6200130E80 /* PlayerBookCell.swift */; };
/* End PBXBuildFile section */

/* Begin PBXFileReference section */
		1332835125C8AE9204690865 /* libPods-Captains Choice.a */ = {isa = PBXFileReference; explicitFileType = archive.ar; includeInIndex = 0; path = "libPods-Captains Choice.a"; sourceTree = BUILT_PRODUCTS_DIR; };
		52170E9420B07E7700059C9C /* PersonTableViewCell.swift */ = {isa = PBXFileReference; lastKnownFileType = sourcecode.swift; path = PersonTableViewCell.swift; sourceTree = "<group>"; };
		52170E9620B08D7500059C9C /* TeamsHelper.swift */ = {isa = PBXFileReference; lastKnownFileType = sourcecode.swift; path = TeamsHelper.swift; sourceTree = "<group>"; };
		52170E9820B08EDC00059C9C /* CustomSort.swift */ = {isa = PBXFileReference; lastKnownFileType = sourcecode.swift; path = CustomSort.swift; sourceTree = "<group>"; };
		525AD08D1E91DC0200CCD51B /* GoogleService-Info.plist */ = {isa = PBXFileReference; fileEncoding = 4; lastKnownFileType = text.plist.xml; path = "GoogleService-Info.plist"; sourceTree = "<group>"; };
		525B65FA1E9D752100291BF3 /* Contents.json */ = {isa = PBXFileReference; fileEncoding = 4; lastKnownFileType = text.json; path = Contents.json; sourceTree = "<group>"; };
		525B65FB1E9D752100291BF3 /* Icon-App-20x20@1x.png */ = {isa = PBXFileReference; lastKnownFileType = image.png; path = "Icon-App-20x20@1x.png"; sourceTree = "<group>"; };
		525B65FC1E9D752100291BF3 /* Icon-App-20x20@2x.png */ = {isa = PBXFileReference; lastKnownFileType = image.png; path = "Icon-App-20x20@2x.png"; sourceTree = "<group>"; };
		525B65FD1E9D752100291BF3 /* Icon-App-20x20@3x.png */ = {isa = PBXFileReference; lastKnownFileType = image.png; path = "Icon-App-20x20@3x.png"; sourceTree = "<group>"; };
		525B65FE1E9D752100291BF3 /* Icon-App-29x29@1x.png */ = {isa = PBXFileReference; lastKnownFileType = image.png; path = "Icon-App-29x29@1x.png"; sourceTree = "<group>"; };
		525B65FF1E9D752100291BF3 /* Icon-App-29x29@2x.png */ = {isa = PBXFileReference; lastKnownFileType = image.png; path = "Icon-App-29x29@2x.png"; sourceTree = "<group>"; };
		525B66001E9D752100291BF3 /* Icon-App-29x29@3x.png */ = {isa = PBXFileReference; lastKnownFileType = image.png; path = "Icon-App-29x29@3x.png"; sourceTree = "<group>"; };
		525B66011E9D752100291BF3 /* Icon-App-40x40@1x.png */ = {isa = PBXFileReference; lastKnownFileType = image.png; path = "Icon-App-40x40@1x.png"; sourceTree = "<group>"; };
		525B66021E9D752100291BF3 /* Icon-App-40x40@2x.png */ = {isa = PBXFileReference; lastKnownFileType = image.png; path = "Icon-App-40x40@2x.png"; sourceTree = "<group>"; };
		525B66031E9D752100291BF3 /* Icon-App-40x40@3x.png */ = {isa = PBXFileReference; lastKnownFileType = image.png; path = "Icon-App-40x40@3x.png"; sourceTree = "<group>"; };
		525B66041E9D752100291BF3 /* Icon-App-57x57@1x.png */ = {isa = PBXFileReference; lastKnownFileType = image.png; path = "Icon-App-57x57@1x.png"; sourceTree = "<group>"; };
		525B66051E9D752100291BF3 /* Icon-App-57x57@2x.png */ = {isa = PBXFileReference; lastKnownFileType = image.png; path = "Icon-App-57x57@2x.png"; sourceTree = "<group>"; };
		525B66061E9D752100291BF3 /* Icon-App-60x60@1x.png */ = {isa = PBXFileReference; lastKnownFileType = image.png; path = "Icon-App-60x60@1x.png"; sourceTree = "<group>"; };
		525B66071E9D752100291BF3 /* Icon-App-60x60@2x.png */ = {isa = PBXFileReference; lastKnownFileType = image.png; path = "Icon-App-60x60@2x.png"; sourceTree = "<group>"; };
		525B66081E9D752100291BF3 /* Icon-App-60x60@3x.png */ = {isa = PBXFileReference; lastKnownFileType = image.png; path = "Icon-App-60x60@3x.png"; sourceTree = "<group>"; };
		525B66091E9D752100291BF3 /* Icon-App-72x72@1x.png */ = {isa = PBXFileReference; lastKnownFileType = image.png; path = "Icon-App-72x72@1x.png"; sourceTree = "<group>"; };
		525B660A1E9D752100291BF3 /* Icon-App-72x72@2x.png */ = {isa = PBXFileReference; lastKnownFileType = image.png; path = "Icon-App-72x72@2x.png"; sourceTree = "<group>"; };
		525B660B1E9D752100291BF3 /* Icon-App-76x76@1x.png */ = {isa = PBXFileReference; lastKnownFileType = image.png; path = "Icon-App-76x76@1x.png"; sourceTree = "<group>"; };
		525B660C1E9D752100291BF3 /* Icon-App-76x76@2x.png */ = {isa = PBXFileReference; lastKnownFileType = image.png; path = "Icon-App-76x76@2x.png"; sourceTree = "<group>"; };
		525B660D1E9D752100291BF3 /* Icon-App-76x76@3x.png */ = {isa = PBXFileReference; lastKnownFileType = image.png; path = "Icon-App-76x76@3x.png"; sourceTree = "<group>"; };
		525B660E1E9D752100291BF3 /* Icon-App-83.5x83.5@2x.png */ = {isa = PBXFileReference; lastKnownFileType = image.png; path = "Icon-App-83.5x83.5@2x.png"; sourceTree = "<group>"; };
		525B660F1E9D752100291BF3 /* Icon-Small-50x50@1x.png */ = {isa = PBXFileReference; lastKnownFileType = image.png; path = "Icon-Small-50x50@1x.png"; sourceTree = "<group>"; };
		525B66101E9D752100291BF3 /* Icon-Small-50x50@2x.png */ = {isa = PBXFileReference; lastKnownFileType = image.png; path = "Icon-Small-50x50@2x.png"; sourceTree = "<group>"; };
		525E12DD20CB5C8900F217D1 /* HeaderCell.swift */ = {isa = PBXFileReference; lastKnownFileType = sourcecode.swift; path = HeaderCell.swift; sourceTree = "<group>"; };
		525E12DF20CB82CD00F217D1 /* PremiumTeamsViewController.swift */ = {isa = PBXFileReference; lastKnownFileType = sourcecode.swift; path = PremiumTeamsViewController.swift; sourceTree = "<group>"; };
		5280F2271E4183D600F8FBB3 /* TeamsViewController.swift */ = {isa = PBXFileReference; fileEncoding = 4; lastKnownFileType = sourcecode.swift; path = TeamsViewController.swift; sourceTree = "<group>"; };
		5295C8571E4005E200ED05CB /* Captains Choice.app */ = {isa = PBXFileReference; explicitFileType = wrapper.application; includeInIndex = 0; path = "Captains Choice.app"; sourceTree = BUILT_PRODUCTS_DIR; };
		5295C85A1E4005E200ED05CB /* AppDelegate.swift */ = {isa = PBXFileReference; lastKnownFileType = sourcecode.swift; path = AppDelegate.swift; sourceTree = "<group>"; };
		5295C85F1E4005E200ED05CB /* Base */ = {isa = PBXFileReference; lastKnownFileType = file.storyboard; name = Base; path = Base.lproj/Main.storyboard; sourceTree = "<group>"; };
		5295C8611E4005E200ED05CB /* Assets.xcassets */ = {isa = PBXFileReference; lastKnownFileType = folder.assetcatalog; path = Assets.xcassets; sourceTree = "<group>"; };
		5295C8641E4005E200ED05CB /* Base */ = {isa = PBXFileReference; lastKnownFileType = file.storyboard; name = Base; path = Base.lproj/LaunchScreen.storyboard; sourceTree = "<group>"; };
		5295C8661E4005E200ED05CB /* Info.plist */ = {isa = PBXFileReference; lastKnownFileType = text.plist.xml; path = Info.plist; sourceTree = "<group>"; };
		5295C86F1E401C5D00ED05CB /* HandicapViewController.swift */ = {isa = PBXFileReference; fileEncoding = 4; lastKnownFileType = sourcecode.swift; path = HandicapViewController.swift; sourceTree = "<group>"; };
		52A7ADC421A0ADFD00F33532 /* Player.swift */ = {isa = PBXFileReference; lastKnownFileType = sourcecode.swift; path = Player.swift; sourceTree = "<group>"; };
		52BB20E920C862C700A33C5D /* StoreKit.framework */ = {isa = PBXFileReference; lastKnownFileType = wrapper.framework; name = StoreKit.framework; path = System/Library/Frameworks/StoreKit.framework; sourceTree = SDKROOT; };
		52BB20EB20C862D600A33C5D /* IAPHelper.swift */ = {isa = PBXFileReference; fileEncoding = 4; lastKnownFileType = sourcecode.swift; path = IAPHelper.swift; sourceTree = "<group>"; };
		52BB20ED20C8731800A33C5D /* PremiumProduct.swift */ = {isa = PBXFileReference; lastKnownFileType = sourcecode.swift; path = PremiumProduct.swift; sourceTree = "<group>"; };
		52BB20EF20C8764300A33C5D /* PremiumHandicapViewController.swift */ = {isa = PBXFileReference; lastKnownFileType = sourcecode.swift; path = PremiumHandicapViewController.swift; sourceTree = "<group>"; };
		52D52F6B20C8B4F000130E80 /* Captains Choice.xcdatamodel */ = {isa = PBXFileReference; lastKnownFileType = wrapper.xcdatamodel; path = "Captains Choice.xcdatamodel"; sourceTree = "<group>"; };
		52D52F6E20CB149500130E80 /* PlayerBookViewController.swift */ = {isa = PBXFileReference; lastKnownFileType = sourcecode.swift; path = PlayerBookViewController.swift; sourceTree = "<group>"; };
		52D52F7020CB1B6200130E80 /* PlayerBookCell.swift */ = {isa = PBXFileReference; lastKnownFileType = sourcecode.swift; path = PlayerBookCell.swift; sourceTree = "<group>"; };
		B1A523B89D6216F42F3E834A /* Pods-Captains Choice.release.xcconfig */ = {isa = PBXFileReference; includeInIndex = 1; lastKnownFileType = text.xcconfig; name = "Pods-Captains Choice.release.xcconfig"; path = "Pods/Target Support Files/Pods-Captains Choice/Pods-Captains Choice.release.xcconfig"; sourceTree = "<group>"; };
		FA4CEA515EE6C11020E47837 /* Pods-Captains Choice.debug.xcconfig */ = {isa = PBXFileReference; includeInIndex = 1; lastKnownFileType = text.xcconfig; name = "Pods-Captains Choice.debug.xcconfig"; path = "Pods/Target Support Files/Pods-Captains Choice/Pods-Captains Choice.debug.xcconfig"; sourceTree = "<group>"; };
/* End PBXFileReference section */

/* Begin PBXFrameworksBuildPhase section */
		5295C8541E4005E200ED05CB /* Frameworks */ = {
			isa = PBXFrameworksBuildPhase;
			buildActionMask = 2147483647;
			files = (
				35CBAFBE2F97FDAC238AC5AB /* libPods-Captains Choice.a in Frameworks */,
				52BB20EA20C862C700A33C5D /* StoreKit.framework in Frameworks */,
			);
			runOnlyForDeploymentPostprocessing = 0;
		};
/* End PBXFrameworksBuildPhase section */

/* Begin PBXGroup section */
		46C6F9AF89AE67108F1775C4 /* Frameworks */ = {
			isa = PBXGroup;
			children = (
				52BB20E920C862C700A33C5D /* StoreKit.framework */,
				1332835125C8AE9204690865 /* libPods-Captains Choice.a */,
			);
			name = Frameworks;
			sourceTree = "<group>";
		};
		525B65F91E9D752100291BF3 /* AppIcon.appiconset */ = {
			isa = PBXGroup;
			children = (
				525B65FA1E9D752100291BF3 /* Contents.json */,
				525B65FB1E9D752100291BF3 /* Icon-App-20x20@1x.png */,
				525B65FC1E9D752100291BF3 /* Icon-App-20x20@2x.png */,
				525B65FD1E9D752100291BF3 /* Icon-App-20x20@3x.png */,
				525B65FE1E9D752100291BF3 /* Icon-App-29x29@1x.png */,
				525B65FF1E9D752100291BF3 /* Icon-App-29x29@2x.png */,
				525B66001E9D752100291BF3 /* Icon-App-29x29@3x.png */,
				525B66011E9D752100291BF3 /* Icon-App-40x40@1x.png */,
				525B66021E9D752100291BF3 /* Icon-App-40x40@2x.png */,
				525B66031E9D752100291BF3 /* Icon-App-40x40@3x.png */,
				525B66041E9D752100291BF3 /* Icon-App-57x57@1x.png */,
				525B66051E9D752100291BF3 /* Icon-App-57x57@2x.png */,
				525B66061E9D752100291BF3 /* Icon-App-60x60@1x.png */,
				525B66071E9D752100291BF3 /* Icon-App-60x60@2x.png */,
				525B66081E9D752100291BF3 /* Icon-App-60x60@3x.png */,
				525B66091E9D752100291BF3 /* Icon-App-72x72@1x.png */,
				525B660A1E9D752100291BF3 /* Icon-App-72x72@2x.png */,
				525B660B1E9D752100291BF3 /* Icon-App-76x76@1x.png */,
				525B660C1E9D752100291BF3 /* Icon-App-76x76@2x.png */,
				525B660D1E9D752100291BF3 /* Icon-App-76x76@3x.png */,
				525B660E1E9D752100291BF3 /* Icon-App-83.5x83.5@2x.png */,
				525B660F1E9D752100291BF3 /* Icon-Small-50x50@1x.png */,
				525B66101E9D752100291BF3 /* Icon-Small-50x50@2x.png */,
			);
			name = AppIcon.appiconset;
			path = "Captain's choice_notext/ios/AppIcon.appiconset";
			sourceTree = "<group>";
		};
		5295C84E1E4005E200ED05CB = {
			isa = PBXGroup;
			children = (
				5295C8591E4005E200ED05CB /* Captains Choice */,
				5295C8581E4005E200ED05CB /* Products */,
				986B92653CE2C9F777608853 /* Pods */,
				46C6F9AF89AE67108F1775C4 /* Frameworks */,
			);
			sourceTree = "<group>";
		};
		5295C8581E4005E200ED05CB /* Products */ = {
			isa = PBXGroup;
			children = (
				5295C8571E4005E200ED05CB /* Captains Choice.app */,
			);
			name = Products;
			sourceTree = "<group>";
		};
		5295C8591E4005E200ED05CB /* Captains Choice */ = {
			isa = PBXGroup;
			children = (
				52BB20EB20C862D600A33C5D /* IAPHelper.swift */,
				525AD08D1E91DC0200CCD51B /* GoogleService-Info.plist */,
				5295C85A1E4005E200ED05CB /* AppDelegate.swift */,
				5295C85E1E4005E200ED05CB /* Main.storyboard */,
				5295C8611E4005E200ED05CB /* Assets.xcassets */,
				525B65F91E9D752100291BF3 /* AppIcon.appiconset */,
				5295C8631E4005E200ED05CB /* LaunchScreen.storyboard */,
				5295C8661E4005E200ED05CB /* Info.plist */,
				5295C86F1E401C5D00ED05CB /* HandicapViewController.swift */,
				52BB20EF20C8764300A33C5D /* PremiumHandicapViewController.swift */,
				5280F2271E4183D600F8FBB3 /* TeamsViewController.swift */,
				52170E9420B07E7700059C9C /* PersonTableViewCell.swift */,
				52170E9620B08D7500059C9C /* TeamsHelper.swift */,
				52170E9820B08EDC00059C9C /* CustomSort.swift */,
				52BB20ED20C8731800A33C5D /* PremiumProduct.swift */,
				52D52F6A20C8B4F000130E80 /* Captains Choice.xcdatamodeld */,
				52D52F6E20CB149500130E80 /* PlayerBookViewController.swift */,
				52D52F7020CB1B6200130E80 /* PlayerBookCell.swift */,
				525E12DD20CB5C8900F217D1 /* HeaderCell.swift */,
				525E12DF20CB82CD00F217D1 /* PremiumTeamsViewController.swift */,
				52A7ADC421A0ADFD00F33532 /* Player.swift */,
			);
			path = "Captains Choice";
			sourceTree = "<group>";
		};
		986B92653CE2C9F777608853 /* Pods */ = {
			isa = PBXGroup;
			children = (
				FA4CEA515EE6C11020E47837 /* Pods-Captains Choice.debug.xcconfig */,
				B1A523B89D6216F42F3E834A /* Pods-Captains Choice.release.xcconfig */,
			);
			name = Pods;
			sourceTree = "<group>";
		};
/* End PBXGroup section */

/* Begin PBXNativeTarget section */
		5295C8561E4005E200ED05CB /* Captains Choice */ = {
			isa = PBXNativeTarget;
			buildConfigurationList = 5295C8691E4005E200ED05CB /* Build configuration list for PBXNativeTarget "Captains Choice" */;
			buildPhases = (
				37C276424D45AE25E3C949C2 /* [CP] Check Pods Manifest.lock */,
				5295C8531E4005E200ED05CB /* Sources */,
				5295C8541E4005E200ED05CB /* Frameworks */,
				5295C8551E4005E200ED05CB /* Resources */,
			);
			buildRules = (
			);
			dependencies = (
			);
			name = "Captains Choice";
			productName = "Captains Choice";
			productReference = 5295C8571E4005E200ED05CB /* Captains Choice.app */;
			productType = "com.apple.product-type.application";
		};
/* End PBXNativeTarget section */

/* Begin PBXProject section */
		5295C84F1E4005E200ED05CB /* Project object */ = {
			isa = PBXProject;
			attributes = {
				LastSwiftUpdateCheck = 0820;
				LastUpgradeCheck = 0820;
				ORGANIZATIONNAME = "John Malatras";
				TargetAttributes = {
					5295C8561E4005E200ED05CB = {
						CreatedOnToolsVersion = 8.2.1;
						DevelopmentTeam = UQ5A7GXJP2;
						LastSwiftMigration = 1010;
						ProvisioningStyle = Automatic;
						SystemCapabilities = {
							com.apple.InAppPurchase = {
								enabled = 1;
							};
						};
					};
				};
			};
			buildConfigurationList = 5295C8521E4005E200ED05CB /* Build configuration list for PBXProject "Captains Choice" */;
			compatibilityVersion = "Xcode 3.2";
			developmentRegion = English;
			hasScannedForEncodings = 0;
			knownRegions = (
				en,
				Base,
			);
			mainGroup = 5295C84E1E4005E200ED05CB;
			productRefGroup = 5295C8581E4005E200ED05CB /* Products */;
			projectDirPath = "";
			projectRoot = "";
			targets = (
				5295C8561E4005E200ED05CB /* Captains Choice */,
			);
		};
/* End PBXProject section */

/* Begin PBXResourcesBuildPhase section */
		5295C8551E4005E200ED05CB /* Resources */ = {
			isa = PBXResourcesBuildPhase;
			buildActionMask = 2147483647;
			files = (
				525B66231E9D752100291BF3 /* Icon-App-76x76@2x.png in Resources */,
				525B661E1E9D752100291BF3 /* Icon-App-60x60@2x.png in Resources */,
				525B66161E9D752100291BF3 /* Icon-App-29x29@2x.png in Resources */,
				525B661D1E9D752100291BF3 /* Icon-App-60x60@1x.png in Resources */,
				525B66251E9D752100291BF3 /* Icon-App-83.5x83.5@2x.png in Resources */,
				525B66111E9D752100291BF3 /* Contents.json in Resources */,
				525B661B1E9D752100291BF3 /* Icon-App-57x57@1x.png in Resources */,
				525B66131E9D752100291BF3 /* Icon-App-20x20@2x.png in Resources */,
				5295C8651E4005E200ED05CB /* LaunchScreen.storyboard in Resources */,
				525B66201E9D752100291BF3 /* Icon-App-72x72@1x.png in Resources */,
				525B66171E9D752100291BF3 /* Icon-App-29x29@3x.png in Resources */,
				525B661F1E9D752100291BF3 /* Icon-App-60x60@3x.png in Resources */,
				525B661C1E9D752100291BF3 /* Icon-App-57x57@2x.png in Resources */,
				525B66141E9D752100291BF3 /* Icon-App-20x20@3x.png in Resources */,
				525AD08E1E91DC0200CCD51B /* GoogleService-Info.plist in Resources */,
				525B66261E9D752100291BF3 /* Icon-Small-50x50@1x.png in Resources */,
				525B66211E9D752100291BF3 /* Icon-App-72x72@2x.png in Resources */,
				5295C8621E4005E200ED05CB /* Assets.xcassets in Resources */,
				5295C8601E4005E200ED05CB /* Main.storyboard in Resources */,
				525B66241E9D752100291BF3 /* Icon-App-76x76@3x.png in Resources */,
				525B66181E9D752100291BF3 /* Icon-App-40x40@1x.png in Resources */,
				525B66221E9D752100291BF3 /* Icon-App-76x76@1x.png in Resources */,
				525B66121E9D752100291BF3 /* Icon-App-20x20@1x.png in Resources */,
				525B661A1E9D752100291BF3 /* Icon-App-40x40@3x.png in Resources */,
				525B66191E9D752100291BF3 /* Icon-App-40x40@2x.png in Resources */,
				525B66151E9D752100291BF3 /* Icon-App-29x29@1x.png in Resources */,
				525B66271E9D752100291BF3 /* Icon-Small-50x50@2x.png in Resources */,
			);
			runOnlyForDeploymentPostprocessing = 0;
		};
/* End PBXResourcesBuildPhase section */

/* Begin PBXShellScriptBuildPhase section */
		37C276424D45AE25E3C949C2 /* [CP] Check Pods Manifest.lock */ = {
			isa = PBXShellScriptBuildPhase;
			buildActionMask = 2147483647;
			files = (
			);
			inputPaths = (
				"${PODS_PODFILE_DIR_PATH}/Podfile.lock",
				"${PODS_ROOT}/Manifest.lock",
			);
			name = "[CP] Check Pods Manifest.lock";
			outputPaths = (
				"$(DERIVED_FILE_DIR)/Pods-Captains Choice-checkManifestLockResult.txt",
			);
			runOnlyForDeploymentPostprocessing = 0;
			shellPath = /bin/sh;
			shellScript = "diff \"${PODS_PODFILE_DIR_PATH}/Podfile.lock\" \"${PODS_ROOT}/Manifest.lock\" > /dev/null\nif [ $? != 0 ] ; then\n    # print error to STDERR\n    echo \"error: The sandbox is not in sync with the Podfile.lock. Run 'pod install' or update your CocoaPods installation.\" >&2\n    exit 1\nfi\n# This output is used by Xcode 'outputs' to avoid re-running this script phase.\necho \"SUCCESS\" > \"${SCRIPT_OUTPUT_FILE_0}\"\n";
			showEnvVarsInLog = 0;
		};
/* End PBXShellScriptBuildPhase section */

/* Begin PBXSourcesBuildPhase section */
		5295C8531E4005E200ED05CB /* Sources */ = {
			isa = PBXSourcesBuildPhase;
			buildActionMask = 2147483647;
			files = (
				52170E9520B07E7700059C9C /* PersonTableViewCell.swift in Sources */,
				52170E9720B08D7500059C9C /* TeamsHelper.swift in Sources */,
				52170E9920B08EDC00059C9C /* CustomSort.swift in Sources */,
				5295C85B1E4005E200ED05CB /* AppDelegate.swift in Sources */,
				525E12DE20CB5C8900F217D1 /* HeaderCell.swift in Sources */,
				52D52F6C20C8B4F000130E80 /* Captains Choice.xcdatamodeld in Sources */,
				5295C8701E401C5D00ED05CB /* HandicapViewController.swift in Sources */,
				52D52F6F20CB149500130E80 /* PlayerBookViewController.swift in Sources */,
				52BB20F020C8764300A33C5D /* PremiumHandicapViewController.swift in Sources */,
				52BB20EC20C862D600A33C5D /* IAPHelper.swift in Sources */,
				5280F2281E4183D600F8FBB3 /* TeamsViewController.swift in Sources */,
				52BB20EE20C8731800A33C5D /* PremiumProduct.swift in Sources */,
				525E12E020CB82CD00F217D1 /* PremiumTeamsViewController.swift in Sources */,
				52A7ADC521A0ADFD00F33532 /* Player.swift in Sources */,
				52D52F7120CB1B6200130E80 /* PlayerBookCell.swift in Sources */,
			);
			runOnlyForDeploymentPostprocessing = 0;
		};
/* End PBXSourcesBuildPhase section */

/* Begin PBXVariantGroup section */
		5295C85E1E4005E200ED05CB /* Main.storyboard */ = {
			isa = PBXVariantGroup;
			children = (
				5295C85F1E4005E200ED05CB /* Base */,
			);
			name = Main.storyboard;
			sourceTree = "<group>";
		};
		5295C8631E4005E200ED05CB /* LaunchScreen.storyboard */ = {
			isa = PBXVariantGroup;
			children = (
				5295C8641E4005E200ED05CB /* Base */,
			);
			name = LaunchScreen.storyboard;
			sourceTree = "<group>";
		};
/* End PBXVariantGroup section */

/* Begin XCBuildConfiguration section */
		5295C8671E4005E200ED05CB /* Debug */ = {
			isa = XCBuildConfiguration;
			buildSettings = {
				ALWAYS_SEARCH_USER_PATHS = NO;
				CLANG_ANALYZER_NONNULL = YES;
				CLANG_CXX_LANGUAGE_STANDARD = "gnu++0x";
				CLANG_CXX_LIBRARY = "libc++";
				CLANG_ENABLE_MODULES = YES;
				CLANG_ENABLE_OBJC_ARC = YES;
				CLANG_WARN_BOOL_CONVERSION = YES;
				CLANG_WARN_CONSTANT_CONVERSION = YES;
				CLANG_WARN_DIRECT_OBJC_ISA_USAGE = YES_ERROR;
				CLANG_WARN_DOCUMENTATION_COMMENTS = YES;
				CLANG_WARN_EMPTY_BODY = YES;
				CLANG_WARN_ENUM_CONVERSION = YES;
				CLANG_WARN_INFINITE_RECURSION = YES;
				CLANG_WARN_INT_CONVERSION = YES;
				CLANG_WARN_OBJC_ROOT_CLASS = YES_ERROR;
				CLANG_WARN_SUSPICIOUS_MOVE = YES;
				CLANG_WARN_UNREACHABLE_CODE = YES;
				CLANG_WARN__DUPLICATE_METHOD_MATCH = YES;
				"CODE_SIGN_IDENTITY[sdk=iphoneos*]" = "iPhone Developer";
				COPY_PHASE_STRIP = NO;
				DEBUG_INFORMATION_FORMAT = dwarf;
				ENABLE_STRICT_OBJC_MSGSEND = YES;
				ENABLE_TESTABILITY = YES;
				GCC_C_LANGUAGE_STANDARD = gnu99;
				GCC_DYNAMIC_NO_PIC = NO;
				GCC_NO_COMMON_BLOCKS = YES;
				GCC_OPTIMIZATION_LEVEL = 0;
				GCC_PREPROCESSOR_DEFINITIONS = (
					"DEBUG=1",
					"$(inherited)",
				);
				GCC_WARN_64_TO_32_BIT_CONVERSION = YES;
				GCC_WARN_ABOUT_RETURN_TYPE = YES_ERROR;
				GCC_WARN_UNDECLARED_SELECTOR = YES;
				GCC_WARN_UNINITIALIZED_AUTOS = YES_AGGRESSIVE;
				GCC_WARN_UNUSED_FUNCTION = YES;
				GCC_WARN_UNUSED_VARIABLE = YES;
				IPHONEOS_DEPLOYMENT_TARGET = 10.2;
				MTL_ENABLE_DEBUG_INFO = YES;
				ONLY_ACTIVE_ARCH = YES;
				SDKROOT = iphoneos;
				SWIFT_ACTIVE_COMPILATION_CONDITIONS = DEBUG;
				SWIFT_OPTIMIZATION_LEVEL = "-Onone";
			};
			name = Debug;
		};
		5295C8681E4005E200ED05CB /* Release */ = {
			isa = XCBuildConfiguration;
			buildSettings = {
				ALWAYS_SEARCH_USER_PATHS = NO;
				CLANG_ANALYZER_NONNULL = YES;
				CLANG_CXX_LANGUAGE_STANDARD = "gnu++0x";
				CLANG_CXX_LIBRARY = "libc++";
				CLANG_ENABLE_MODULES = YES;
				CLANG_ENABLE_OBJC_ARC = YES;
				CLANG_WARN_BOOL_CONVERSION = YES;
				CLANG_WARN_CONSTANT_CONVERSION = YES;
				CLANG_WARN_DIRECT_OBJC_ISA_USAGE = YES_ERROR;
				CLANG_WARN_DOCUMENTATION_COMMENTS = YES;
				CLANG_WARN_EMPTY_BODY = YES;
				CLANG_WARN_ENUM_CONVERSION = YES;
				CLANG_WARN_INFINITE_RECURSION = YES;
				CLANG_WARN_INT_CONVERSION = YES;
				CLANG_WARN_OBJC_ROOT_CLASS = YES_ERROR;
				CLANG_WARN_SUSPICIOUS_MOVE = YES;
				CLANG_WARN_UNREACHABLE_CODE = YES;
				CLANG_WARN__DUPLICATE_METHOD_MATCH = YES;
				"CODE_SIGN_IDENTITY[sdk=iphoneos*]" = "iPhone Developer";
				COPY_PHASE_STRIP = NO;
				DEBUG_INFORMATION_FORMAT = "dwarf-with-dsym";
				ENABLE_NS_ASSERTIONS = NO;
				ENABLE_STRICT_OBJC_MSGSEND = YES;
				GCC_C_LANGUAGE_STANDARD = gnu99;
				GCC_NO_COMMON_BLOCKS = YES;
				GCC_WARN_64_TO_32_BIT_CONVERSION = YES;
				GCC_WARN_ABOUT_RETURN_TYPE = YES_ERROR;
				GCC_WARN_UNDECLARED_SELECTOR = YES;
				GCC_WARN_UNINITIALIZED_AUTOS = YES_AGGRESSIVE;
				GCC_WARN_UNUSED_FUNCTION = YES;
				GCC_WARN_UNUSED_VARIABLE = YES;
				IPHONEOS_DEPLOYMENT_TARGET = 10.2;
				MTL_ENABLE_DEBUG_INFO = NO;
				SDKROOT = iphoneos;
				SWIFT_OPTIMIZATION_LEVEL = "-Owholemodule";
				VALIDATE_PRODUCT = YES;
			};
			name = Release;
		};
		5295C86A1E4005E200ED05CB /* Debug */ = {
			isa = XCBuildConfiguration;
			baseConfigurationReference = FA4CEA515EE6C11020E47837 /* Pods-Captains Choice.debug.xcconfig */;
			buildSettings = {
				ASSETCATALOG_COMPILER_APPICON_NAME = AppIcon;
				DEVELOPMENT_TEAM = UQ5A7GXJP2;
				FRAMEWORK_SEARCH_PATHS = (
					"$(inherited)",
					"$(PROJECT_DIR)/Captains\\ Choice",
					"$(PROJECT_DIR)/Captains\\ Choice",
					"$(PROJECT_DIR)/Captains\\ Choice",
					"$(PROJECT_DIR)/Captains\\ Choice",
					"$(PROJECT_DIR)/Captains\\ Choice",
				);
				INFOPLIST_FILE = "Captains Choice/Info.plist";
				IPHONEOS_DEPLOYMENT_TARGET = 10.0;
				LD_RUNPATH_SEARCH_PATHS = "$(inherited) @executable_path/Frameworks";
				PRODUCT_BUNDLE_IDENTIFIER = com.malatras.CaptainsChoice;
				PRODUCT_NAME = "$(TARGET_NAME)";
				SWIFT_SWIFT3_OBJC_INFERENCE = Default;
				SWIFT_VERSION = 4.2;
			};
			name = Debug;
		};
		5295C86B1E4005E200ED05CB /* Release */ = {
			isa = XCBuildConfiguration;
			baseConfigurationReference = B1A523B89D6216F42F3E834A /* Pods-Captains Choice.release.xcconfig */;
			buildSettings = {
				ASSETCATALOG_COMPILER_APPICON_NAME = AppIcon;
				DEVELOPMENT_TEAM = UQ5A7GXJP2;
				FRAMEWORK_SEARCH_PATHS = (
					"$(inherited)",
					"$(PROJECT_DIR)/Captains\\ Choice",
					"$(PROJECT_DIR)/Captains\\ Choice",
					"$(PROJECT_DIR)/Captains\\ Choice",
					"$(PROJECT_DIR)/Captains\\ Choice",
					"$(PROJECT_DIR)/Captains\\ Choice",
				);
				INFOPLIST_FILE = "Captains Choice/Info.plist";
				IPHONEOS_DEPLOYMENT_TARGET = 10.0;
				LD_RUNPATH_SEARCH_PATHS = "$(inherited) @executable_path/Frameworks";
				PRODUCT_BUNDLE_IDENTIFIER = com.malatras.CaptainsChoice;
				PRODUCT_NAME = "$(TARGET_NAME)";
				SWIFT_SWIFT3_OBJC_INFERENCE = Default;
				SWIFT_VERSION = 4.2;
			};
			name = Release;
		};
/* End XCBuildConfiguration section */

/* Begin XCConfigurationList section */
		5295C8521E4005E200ED05CB /* Build configuration list for PBXProject "Captains Choice" */ = {
			isa = XCConfigurationList;
			buildConfigurations = (
				5295C8671E4005E200ED05CB /* Debug */,
				5295C8681E4005E200ED05CB /* Release */,
			);
			defaultConfigurationIsVisible = 0;
			defaultConfigurationName = Release;
		};
		5295C8691E4005E200ED05CB /* Build configuration list for PBXNativeTarget "Captains Choice" */ = {
			isa = XCConfigurationList;
			buildConfigurations = (
				5295C86A1E4005E200ED05CB /* Debug */,
				5295C86B1E4005E200ED05CB /* Release */,
			);
			defaultConfigurationIsVisible = 0;
			defaultConfigurationName = Release;
		};
/* End XCConfigurationList section */

/* Begin XCVersionGroup section */
		52D52F6A20C8B4F000130E80 /* Captains Choice.xcdatamodeld */ = {
			isa = XCVersionGroup;
			children = (
				52D52F6B20C8B4F000130E80 /* Captains Choice.xcdatamodel */,
			);
			currentVersion = 52D52F6B20C8B4F000130E80 /* Captains Choice.xcdatamodel */;
			path = "Captains Choice.xcdatamodeld";
			sourceTree = "<group>";
			versionGroupType = wrapper.xcdatamodel;
		};
/* End XCVersionGroup section */
	};
	rootObject = 5295C84F1E4005E200ED05CB /* Project object */;
}
